
Microsoft Visual Studio Solution File, Format Version 12.00
# Visual Studio Version 16
VisualStudioVersion = 16.0.32106.194
MinimumVisualStudioVersion = 10.0.40219.1
Project("{FAE04EC0-301F-11D3-BF4B-00C04F79EFBC}") = "arrangement", "arrangement\arrangement.csproj", "{4FC83668-9F2E-4609-8B11-1B47A468DC58}"
EndProject
Global
	GlobalSection(SolutionConfigurationPlatforms) = preSolution
		Debug|Any CPU = Debug|Any CPU
		Release|Any CPU = Release|Any CPU
	EndGlobalSection
	GlobalSection(ProjectConfigurationPlatforms) = postSolution
		{4FC83668-9F2E-4609-8B11-1B47A468DC58}.Debug|Any CPU.ActiveCfg = Debug|Any CPU
		{4FC83668-9F2E-4609-8B11-1B47A468DC58}.Debug|Any CPU.Build.0 = Debug|Any CPU
		{4FC83668-9F2E-4609-8B11-1B47A468DC58}.Release|Any CPU.ActiveCfg = Release|Any CPU
		{4FC83668-9F2E-4609-8B11-1B47A468DC58}.Release|Any CPU.Build.0 = Release|Any CPU
	EndGlobalSection
	GlobalSection(SolutionProperties) = preSolution
		HideSolutionNode = FALSE
	EndGlobalSection
	GlobalSection(ExtensibilityGlobals) = postSolution
		SolutionGuid = {0F0FDF2E-2945-4913-859F-65F0F4CADE54}
	EndGlobalSection
EndGlobal
